
Microsoft Visual Studio Solution File, Format Version 12.00
Project("{FAE04EC0-301F-11D3-BF4B-00C04F79EFBC}") = "Injact.Core", "src\Injact.Core\Injact.Core.csproj", "{8FD15821-0105-4E52-87C9-FC30EFB95F0E}"
EndProject
Project("{FAE04EC0-301F-11D3-BF4B-00C04F79EFBC}") = "Injact.Godot", "src\Injact.Godot\Injact.Godot.csproj", "{B6462EB2-B4E9-4F82-B085-6125E0677B6D}"
EndProject
Project("{FAE04EC0-301F-11D3-BF4B-00C04F79EFBC}") = "Injact.Core.Tests", "src\Injact.Core.Tests\Injact.Core.Tests.csproj", "{D1FB2DF4-74DE-420F-8417-7301BC10E07B}"
EndProject
Global
	GlobalSection(SolutionConfigurationPlatforms) = preSolution
		Debug|Any CPU = Debug|Any CPU
		Release|Any CPU = Release|Any CPU
	EndGlobalSection
	GlobalSection(ProjectConfigurationPlatforms) = postSolution
		{8FD15821-0105-4E52-87C9-FC30EFB95F0E}.Debug|Any CPU.ActiveCfg = Debug|Any CPU
		{8FD15821-0105-4E52-87C9-FC30EFB95F0E}.Debug|Any CPU.Build.0 = Debug|Any CPU
		{8FD15821-0105-4E52-87C9-FC30EFB95F0E}.Release|Any CPU.ActiveCfg = Release|Any CPU
		{8FD15821-0105-4E52-87C9-FC30EFB95F0E}.Release|Any CPU.Build.0 = Release|Any CPU
		{B6462EB2-B4E9-4F82-B085-6125E0677B6D}.Debug|Any CPU.ActiveCfg = Debug|Any CPU
		{B6462EB2-B4E9-4F82-B085-6125E0677B6D}.Debug|Any CPU.Build.0 = Debug|Any CPU
		{B6462EB2-B4E9-4F82-B085-6125E0677B6D}.Release|Any CPU.ActiveCfg = Debug|Any CPU
		{B6462EB2-B4E9-4F82-B085-6125E0677B6D}.Release|Any CPU.Build.0 = Debug|Any CPU
		{D1FB2DF4-74DE-420F-8417-7301BC10E07B}.Debug|Any CPU.ActiveCfg = Debug|Any CPU
		{D1FB2DF4-74DE-420F-8417-7301BC10E07B}.Debug|Any CPU.Build.0 = Debug|Any CPU
		{D1FB2DF4-74DE-420F-8417-7301BC10E07B}.Release|Any CPU.ActiveCfg = Release|Any CPU
		{D1FB2DF4-74DE-420F-8417-7301BC10E07B}.Release|Any CPU.Build.0 = Release|Any CPU
	EndGlobalSection
EndGlobal
